
Microsoft Visual Studio Solution File, Format Version 12.00
# Visual Studio Version 17
VisualStudioVersion = 17.13.36105.23 d17.13
MinimumVisualStudioVersion = 10.0.40219.1
Project("{FAE04EC0-301F-11D3-BF4B-00C04F79EFBC}") = "MasterYourEnglish.DAL", "MasterYourEnglish.DAL\MasterYourEnglish.DAL.csproj", "{B05B95C1-25A3-46DB-B04E-39E66AEED529}"
EndProject
Project("{FAE04EC0-301F-11D3-BF4B-00C04F79EFBC}") = "MasterYourEnglish.BLL", "MasterYourEnglish.BLL\MasterYourEnglish.BLL.csproj", "{78844A45-55AA-45D6-B11E-7A971B85918B}"
EndProject
Project("{FAE04EC0-301F-11D3-BF4B-00C04F79EFBC}") = "MasterYourEnglish.Presentation", "MasterYourEnglish.Presentation\MasterYourEnglish.Presentation.csproj", "{84221465-85BC-4E9F-9412-95FAB9B103D0}"
EndProject
Global
	GlobalSection(SolutionConfigurationPlatforms) = preSolution
		Debug|Any CPU = Debug|Any CPU
		Release|Any CPU = Release|Any CPU
	EndGlobalSection
	GlobalSection(ProjectConfigurationPlatforms) = postSolution
		{B05B95C1-25A3-46DB-B04E-39E66AEED529}.Debug|Any CPU.ActiveCfg = Debug|Any CPU
		{B05B95C1-25A3-46DB-B04E-39E66AEED529}.Debug|Any CPU.Build.0 = Debug|Any CPU
		{B05B95C1-25A3-46DB-B04E-39E66AEED529}.Release|Any CPU.ActiveCfg = Release|Any CPU
		{B05B95C1-25A3-46DB-B04E-39E66AEED529}.Release|Any CPU.Build.0 = Release|Any CPU
		{78844A45-55AA-45D6-B11E-7A971B85918B}.Debug|Any CPU.ActiveCfg = Debug|Any CPU
		{78844A45-55AA-45D6-B11E-7A971B85918B}.Debug|Any CPU.Build.0 = Debug|Any CPU
		{78844A45-55AA-45D6-B11E-7A971B85918B}.Release|Any CPU.ActiveCfg = Release|Any CPU
		{78844A45-55AA-45D6-B11E-7A971B85918B}.Release|Any CPU.Build.0 = Release|Any CPU
		{84221465-85BC-4E9F-9412-95FAB9B103D0}.Debug|Any CPU.ActiveCfg = Debug|Any CPU
		{84221465-85BC-4E9F-9412-95FAB9B103D0}.Debug|Any CPU.Build.0 = Debug|Any CPU
		{84221465-85BC-4E9F-9412-95FAB9B103D0}.Release|Any CPU.ActiveCfg = Release|Any CPU
		{84221465-85BC-4E9F-9412-95FAB9B103D0}.Release|Any CPU.Build.0 = Release|Any CPU
	EndGlobalSection
	GlobalSection(SolutionProperties) = preSolution
		HideSolutionNode = FALSE
	EndGlobalSection
	GlobalSection(ExtensibilityGlobals) = postSolution
		SolutionGuid = {79BC1AA0-3EDE-478C-83DA-25D0B0DDA889}
	EndGlobalSection
EndGlobal
